
Microsoft Visual Studio Solution File, Format Version 12.00
# Visual Studio Version 17
VisualStudioVersion = 17.0.32112.339
MinimumVisualStudioVersion = 10.0.40219.1
Project("{9A19103F-16F7-4668-BE54-9A1E7A4F7556}") = "BetterStats", "BetterStats.csproj", "{0E912F22-6E53-4A93-B3B7-2D26D0621446}"
EndProject
Global
	GlobalSection(SolutionConfigurationPlatforms) = preSolution
		Debug|Any CPU = Debug|Any CPU
		Release|Any CPU = Release|Any CPU
	EndGlobalSection
	GlobalSection(ProjectConfigurationPlatforms) = postSolution
		{0E912F22-6E53-4A93-B3B7-2D26D0621446}.Debug|Any CPU.ActiveCfg = Debug|Any CPU
		{0E912F22-6E53-4A93-B3B7-2D26D0621446}.Debug|Any CPU.Build.0 = Debug|Any CPU
		{0E912F22-6E53-4A93-B3B7-2D26D0621446}.Release|Any CPU.ActiveCfg = Release|Any CPU
		{0E912F22-6E53-4A93-B3B7-2D26D0621446}.Release|Any CPU.Build.0 = Release|Any CPU
	EndGlobalSection
	GlobalSection(SolutionProperties) = preSolution
		HideSolutionNode = FALSE
	EndGlobalSection
	GlobalSection(ExtensibilityGlobals) = postSolution
		SolutionGuid = {F2047494-E9CA-420C-830C-82844E11D1DD}
	EndGlobalSection
EndGlobal
